{
  "version": 4,
  "terraform_version": "1.2.5",
  "serial": 14,
  "lineage": "5905f36c-85da-acc2-b14e-e6e4b38630a5",
  "outputs": {
    "resource_group_name": {
      "value": "terratest-rg-plDzhl",
      "type": "string"
    }
  },
  "resources": [
    {
      "mode": "managed",
      "type": "azurerm_resource_group",
      "name": "example",
      "provider": "provider[\"registry.terraform.io/hashicorp/azurerm\"]",
      "instances": [
        {
          "schema_version": 0,
          "attributes": {
            "id": "/subscriptions/2f619ba4-7a2b-475d-89d8-1695f2c754a9/resourceGroups/terratest-rg-plDzhl",
            "location": "southafricanorth",
            "name": "terratest-rg-plDzhl",
            "tags": null,
            "timeouts": null
          },
          "sensitive_attributes": [],
          "private": "eyJlMmJmYjczMC1lY2FhLTExZTYtOGY4OC0zNDM2M2JjN2M0YzAiOnsiY3JlYXRlIjo1NDAwMDAwMDAwMDAwLCJkZWxldGUiOjU0MDAwMDAwMDAwMDAsInJlYWQiOjMwMDAwMDAwMDAwMCwidXBkYXRlIjo1NDAwMDAwMDAwMDAwfX0="
        }
      ]
    }
  ]
}
